
Microsoft Visual Studio Solution File, Format Version 12.00
# Visual Studio Version 17
VisualStudioVersion = 17.0.31611.283
MinimumVisualStudioVersion = 10.0.40219.1
Project("{9A19103F-16F7-4668-BE54-9A1E7A4F7556}") = "GalleryFound", "GalleryFound\GalleryFound.csproj", "{BBC89F62-F7DD-4EE6-87B2-E1045681B1BF}"
EndProject
Global
	GlobalSection(SolutionConfigurationPlatforms) = preSolution
		Debug|Any CPU = Debug|Any CPU
		Release|Any CPU = Release|Any CPU
	EndGlobalSection
	GlobalSection(ProjectConfigurationPlatforms) = postSolution
		{BBC89F62-F7DD-4EE6-87B2-E1045681B1BF}.Debug|Any CPU.ActiveCfg = Debug|Any CPU
		{BBC89F62-F7DD-4EE6-87B2-E1045681B1BF}.Debug|Any CPU.Build.0 = Debug|Any CPU
		{BBC89F62-F7DD-4EE6-87B2-E1045681B1BF}.Debug|Any CPU.Deploy.0 = Debug|Any CPU
		{BBC89F62-F7DD-4EE6-87B2-E1045681B1BF}.Release|Any CPU.ActiveCfg = Release|Any CPU
		{BBC89F62-F7DD-4EE6-87B2-E1045681B1BF}.Release|Any CPU.Build.0 = Release|Any CPU
		{BBC89F62-F7DD-4EE6-87B2-E1045681B1BF}.Release|Any CPU.Deploy.0 = Release|Any CPU
	EndGlobalSection
	GlobalSection(SolutionProperties) = preSolution
		HideSolutionNode = FALSE
	EndGlobalSection
	GlobalSection(ExtensibilityGlobals) = postSolution
		SolutionGuid = {61F7FB11-1E47-470C-91E2-47F8143E1572}
	EndGlobalSection
EndGlobal
